PODS:
  - PromiseKit (6.11.0):
    - PromiseKit/CorePromise (= 6.11.0)
    - PromiseKit/Foundation (= 6.11.0)
    - PromiseKit/UIKit (= 6.11.0)
  - PromiseKit/CorePromise (6.11.0)
  - PromiseKit/Foundation (6.11.0):
    - PromiseKit/CorePromise
  - PromiseKit/UIKit (6.11.0):
    - PromiseKit/CorePromise
  - PunkAPI (0.3.1):
    - PunkAPI/API (= 0.3.1)
  - PunkAPI/API (0.3.1)
  - PunkAPI/PromiseKit (0.3.1):
    - PromiseKit (~> 6.8)
    - PunkAPI/API
  - PunkAPI/RxSwift (0.3.1):
    - PunkAPI/API
    - RxSwift (~> 5.0)
  - RxSwift (5.0.0)

DEPENDENCIES:
  - PunkAPI (from `../`)
  - PunkAPI/PromiseKit (from `../`)
  - PunkAPI/RxSwift (from `../`)

SPEC REPOS:
  https://github.com/cocoapods/specs.git:
    - PromiseKit
    - RxSwift

EXTERNAL SOURCES:
  PunkAPI:
    :path: "../"

SPEC CHECKSUMS:
  PromiseKit: e4863d06976e7dee5e41c04fc7371c16b3600292
  PunkAPI: ce1c90f2097ddbb9f9acfc5e4ef1c3a5c3a8807f
  RxSwift: 8b0671caa829a763bbce7271095859121cbd895f

PODFILE CHECKSUM: 7fae4caa68ff929f5522f6a1f3b35b98e00ede33

COCOAPODS: 1.7.2
