PODS:
  - PunkAPI (0.1.0):
    - PunkAPI/API (= 0.1.0)
  - PunkAPI/API (0.1.0)

DEPENDENCIES:
  - PunkAPI (from `../`)

EXTERNAL SOURCES:
  PunkAPI:
    :path: "../"

SPEC CHECKSUMS:
  PunkAPI: 0a5d363e20f6a26abfd6281f5a247256a95775be

PODFILE CHECKSUM: 77a7edfbda92bc42f026175f2a4105df175a2c99

COCOAPODS: 1.5.3
