PODS:
  - PromiseKit (6.8.4):
    - PromiseKit/CorePromise (= 6.8.4)
    - PromiseKit/Foundation (= 6.8.4)
    - PromiseKit/UIKit (= 6.8.4)
  - PromiseKit/CorePromise (6.8.4)
  - PromiseKit/Foundation (6.8.4):
    - PromiseKit/CorePromise
  - PromiseKit/UIKit (6.8.4):
    - PromiseKit/CorePromise
  - PunkAPI (0.3.1):
    - PunkAPI/API (= 0.3.1)
  - PunkAPI/API (0.3.1)
  - PunkAPI/PromiseKit (0.3.1):
    - PromiseKit (~> 6.8)
    - PunkAPI/API

DEPENDENCIES:
  - PunkAPI (from `../`)
  - PunkAPI/PromiseKit (from `../`)

SPEC REPOS:
  https://github.com/cocoapods/specs.git:
    - PromiseKit

EXTERNAL SOURCES:
  PunkAPI:
    :path: "../"

SPEC CHECKSUMS:
  PromiseKit: 51794a832647e7b819336dc2279039ce9f1cc49b
  PunkAPI: ce1c90f2097ddbb9f9acfc5e4ef1c3a5c3a8807f

PODFILE CHECKSUM: 140a1cf5c3e09e71ebdc08b298d32d1373675b44

COCOAPODS: 1.7.2
